// !$*UTF8*$!
{
	archiveVersion = 1;
	classes = {
	};
	objectVersion = 46;
	objects = {

/* Begin PBXBuildFile section */
		C0951A541F0A707B004A9F4C /* main.m in Sources */ = {isa = PBXBuildFile; fileRef = C0951A531F0A707B004A9F4C /* main.m */; };
		C0951A571F0A707B004A9F4C /* AppDelegate.m in Sources */ = {isa = PBXBuildFile; fileRef = C0951A561F0A707B004A9F4C /* AppDelegate.m */; };
		C0951A5A1F0A707B004A9F4C /* ViewController.m in Sources */ = {isa = PBXBuildFile; fileRef = C0951A591F0A707B004A9F4C /* ViewController.m */; };
		C0951A5D1F0A707B004A9F4C /* Main.storyboard in Resources */ = {isa = PBXBuildFile; fileRef = C0951A5B1F0A707B004A9F4C /* Main.storyboard */; };
		C0951A5F1F0A707B004A9F4C /* Assets.xcassets in Resources */ = {isa = PBXBuildFile; fileRef = C0951A5E1F0A707B004A9F4C /* Assets.xcassets */; };
		C0951A621F0A707B004A9F4C /* LaunchScreen.storyboard in Resources */ = {isa = PBXBuildFile; fileRef = C0951A601F0A707B004A9F4C /* LaunchScreen.storyboard */; };
/* End PBXBuildFile section */

/* Begin PBXFileReference section */
		C0951A4F1F0A707B004A9F4C /* Gdrivetest.app */ = {isa = PBXFileReference; explicitFileType = wrapper.application; includeInIndex = 0; path = Gdrivetest.app; sourceTree = BUILT_PRODUCTS_DIR; };
		C0951A531F0A707B004A9F4C /* main.m */ = {isa = PBXFileReference; lastKnownFileType = sourcecode.c.objc; path = main.m; sourceTree = "<group>"; };
		C0951A551F0A707B004A9F4C /* AppDelegate.h */ = {isa = PBXFileReference; lastKnownFileType = sourcecode.c.h; path = AppDelegate.h; sourceTree = "<group>"; };
		C0951A561F0A707B004A9F4C /* AppDelegate.m */ = {isa = PBXFileReference; lastKnownFileType = sourcecode.c.objc; path = AppDelegate.m; sourceTree = "<group>"; };
		C0951A581F0A707B004A9F4C /* ViewController.h */ = {isa = PBXFileReference; lastKnownFileType = sourcecode.c.h; path = ViewController.h; sourceTree = "<group>"; };
		C0951A591F0A707B004A9F4C /* ViewController.m */ = {isa = PBXFileReference; lastKnownFileType = sourcecode.c.objc; path = ViewController.m; sourceTree = "<group>"; };
		C0951A5C1F0A707B004A9F4C /* Base */ = {isa = PBXFileReference; lastKnownFileType = file.storyboard; name = Base; path = Base.lproj/Main.storyboard; sourceTree = "<group>"; };
		C0951A5E1F0A707B004A9F4C /* Assets.xcassets */ = {isa = PBXFileReference; lastKnownFileType = folder.assetcatalog; path = Assets.xcassets; sourceTree = "<group>"; };
		C0951A611F0A707B004A9F4C /* Base */ = {isa = PBXFileReference; lastKnownFileType = file.storyboard; name = Base; path = Base.lproj/LaunchScreen.storyboard; sourceTree = "<group>"; };
		C0951A631F0A707B004A9F4C /* Info.plist */ = {isa = PBXFileReference; lastKnownFileType = text.plist.xml; path = Info.plist; sourceTree = "<group>"; };
/* End PBXFileReference section */

/* Begin PBXFrameworksBuildPhase section */
		C0951A4C1F0A707B004A9F4C /* Frameworks */ = {
			isa = PBXFrameworksBuildPhase;
			buildActionMask = 2147483647;
			files = (
			);
			runOnlyForDeploymentPostprocessing = 0;
		};
/* End PBXFrameworksBuildPhase section */

/* Begin PBXGroup section */
		C0951A461F0A707B004A9F4C = {
			isa = PBXGroup;
			children = (
				C0951A511F0A707B004A9F4C /* Gdrivetest */,
				C0951A501F0A707B004A9F4C /* Products */,
			);
			sourceTree = "<group>";
		};
		C0951A501F0A707B004A9F4C /* Products */ = {
			isa = PBXGroup;
			children = (
				C0951A4F1F0A707B004A9F4C /* Gdrivetest.app */,
			);
			name = Products;
			sourceTree = "<group>";
		};
		C0951A511F0A707B004A9F4C /* Gdrivetest */ = {
			isa = PBXGroup;
			children = (
				C0951A551F0A707B004A9F4C /* AppDelegate.h */,
				C0951A561F0A707B004A9F4C /* AppDelegate.m */,
				C0951A581F0A707B004A9F4C /* ViewController.h */,
				C0951A591F0A707B004A9F4C /* ViewController.m */,
				C0951A5B1F0A707B004A9F4C /* Main.storyboard */,
				C0951A5E1F0A707B004A9F4C /* Assets.xcassets */,
				C0951A601F0A707B004A9F4C /* LaunchScreen.storyboard */,
				C0951A631F0A707B004A9F4C /* Info.plist */,
				C0951A521F0A707B004A9F4C /* Supporting Files */,
			);
			path = Gdrivetest;
			sourceTree = "<group>";
		};
		C0951A521F0A707B004A9F4C /* Supporting Files */ = {
			isa = PBXGroup;
			children = (
				C0951A531F0A707B004A9F4C /* main.m */,
			);
			name = "Supporting Files";
			sourceTree = "<group>";
		};
/* End PBXGroup section */

/* Begin PBXNativeTarget section */
		C0951A4E1F0A707B004A9F4C /* Gdrivetest */ = {
			isa = PBXNativeTarget;
			buildConfigurationList = C0951A661F0A707B004A9F4C /* Build configuration list for PBXNativeTarget "Gdrivetest" */;
			buildPhases = (
				C0951A4B1F0A707B004A9F4C /* Sources */,
				C0951A4C1F0A707B004A9F4C /* Frameworks */,
				C0951A4D1F0A707B004A9F4C /* Resources */,
			);
			buildRules = (
			);
			dependencies = (
			);
			name = Gdrivetest;
			productName = Gdrivetest;
			productReference = C0951A4F1F0A707B004A9F4C /* Gdrivetest.app */;
			productType = "com.apple.product-type.application";
		};
/* End PBXNativeTarget section */

/* Begin PBXProject section */
		C0951A471F0A707B004A9F4C /* Project object */ = {
			isa = PBXProject;
			attributes = {
				LastUpgradeCheck = 0830;
				ORGANIZATIONNAME = "Abhay Korat";
				TargetAttributes = {
					C0951A4E1F0A707B004A9F4C = {
						CreatedOnToolsVersion = 8.3.3;
						ProvisioningStyle = Automatic;
					};
				};
			};
			buildConfigurationList = C0951A4A1F0A707B004A9F4C /* Build configuration list for PBXProject "Gdrivetest" */;
			compatibilityVersion = "Xcode 3.2";
			developmentRegion = English;
			hasScannedForEncodings = 0;
			knownRegions = (
				en,
				Base,
			);
			mainGroup = C0951A461F0A707B004A9F4C;
			productRefGroup = C0951A501F0A707B004A9F4C /* Products */;
			projectDirPath = "";
			projectRoot = "";
			targets = (
				C0951A4E1F0A707B004A9F4C /* Gdrivetest */,
			);
		};
/* End PBXProject section */

/* Begin PBXResourcesBuildPhase section */
		C0951A4D1F0A707B004A9F4C /* Resources */ = {
			isa = PBXResourcesBuildPhase;
			buildActionMask = 2147483647;
			files = (
				C0951A621F0A707B004A9F4C /* LaunchScreen.storyboard in Resources */,
				C0951A5F1F0A707B004A9F4C /* Assets.xcassets in Resources */,
				C0951A5D1F0A707B004A9F4C /* Main.storyboard in Resources */,
			);
			runOnlyForDeploymentPostprocessing = 0;
		};
/* End PBXResourcesBuildPhase section */

/* Begin PBXSourcesBuildPhase section */
		C0951A4B1F0A707B004A9F4C /* Sources */ = {
			isa = PBXSourcesBuildPhase;
			buildActionMask = 2147483647;
			files = (
				C0951A5A1F0A707B004A9F4C /* ViewController.m in Sources */,
				C0951A571F0A707B004A9F4C /* AppDelegate.m in Sources */,
				C0951A541F0A707B004A9F4C /* main.m in Sources */,
			);
			runOnlyForDeploymentPostprocessing = 0;
		};
/* End PBXSourcesBuildPhase section */

/* Begin PBXVariantGroup section */
		C0951A5B1F0A707B004A9F4C /* Main.storyboard */ = {
			isa = PBXVariantGroup;
			children = (
				C0951A5C1F0A707B004A9F4C /* Base */,
			);
			name = Main.storyboard;
			sourceTree = "<group>";
		};
		C0951A601F0A707B004A9F4C /* LaunchScreen.storyboard */ = {
			isa = PBXVariantGroup;
			children = (
				C0951A611F0A707B004A9F4C /* Base */,
			);
			name = LaunchScreen.storyboard;
			sourceTree = "<group>";
		};
/* End PBXVariantGroup section */

/* Begin XCBuildConfiguration section */
		C0951A641F0A707B004A9F4C /* Debug */ = {
			isa = XCBuildConfiguration;
			buildSettings = {
				ALWAYS_SEARCH_USER_PATHS = NO;
				CLANG_ANALYZER_NONNULL = YES;
				CLANG_ANALYZER_NUMBER_OBJECT_CONVERSION = YES_AGGRESSIVE;
				CLANG_CXX_LANGUAGE_STANDARD = "gnu++0x";
				CLANG_CXX_LIBRARY = "libc++";
				CLANG_ENABLE_MODULES = YES;
				CLANG_ENABLE_OBJC_ARC = YES;
				CLANG_WARN_BOOL_CONVERSION = YES;
				CLANG_WARN_CONSTANT_CONVERSION = YES;
				CLANG_WARN_DIRECT_OBJC_ISA_USAGE = YES_ERROR;
				CLANG_WARN_DOCUMENTATION_COMMENTS = YES;
				CLANG_WARN_EMPTY_BODY = YES;
				CLANG_WARN_ENUM_CONVERSION = YES;
				CLANG_WARN_INFINITE_RECURSION = YES;
				CLANG_WARN_INT_CONVERSION = YES;
				CLANG_WARN_OBJC_ROOT_CLASS = YES_ERROR;
				CLANG_WARN_SUSPICIOUS_MOVE = YES;
				CLANG_WARN_UNREACHABLE_CODE = YES;
				CLANG_WARN__DUPLICATE_METHOD_MATCH = YES;
				"CODE_SIGN_IDENTITY[sdk=iphoneos*]" = "iPhone Developer";
				COPY_PHASE_STRIP = NO;
				DEBUG_INFORMATION_FORMAT = dwarf;
				ENABLE_STRICT_OBJC_MSGSEND = YES;
				ENABLE_TESTABILITY = YES;
				GCC_C_LANGUAGE_STANDARD = gnu99;
				GCC_DYNAMIC_NO_PIC = NO;
				GCC_NO_COMMON_BLOCKS = YES;
				GCC_OPTIMIZATION_LEVEL = 0;
				GCC_PREPROCESSOR_DEFINITIONS = (
					"DEBUG=1",
					"$(inherited)",
				);
				GCC_WARN_64_TO_32_BIT_CONVERSION = YES;
				GCC_WARN_ABOUT_RETURN_TYPE = YES_ERROR;
				GCC_WARN_UNDECLARED_SELECTOR = YES;
				GCC_WARN_UNINITIALIZED_AUTOS = YES_AGGRESSIVE;
				GCC_WARN_UNUSED_FUNCTION = YES;
				GCC_WARN_UNUSED_VARIABLE = YES;
				IPHONEOS_DEPLOYMENT_TARGET = 10.3;
				MTL_ENABLE_DEBUG_INFO = YES;
				ONLY_ACTIVE_ARCH = YES;
				SDKROOT = iphoneos;
				TARGETED_DEVICE_FAMILY = "1,2";
			};
			name = Debug;
		};
		C0951A651F0A707B004A9F4C /* Release */ = {
			isa = XCBuildConfiguration;
			buildSettings = {
				ALWAYS_SEARCH_USER_PATHS = NO;
				CLANG_ANALYZER_NONNULL = YES;
				CLANG_ANALYZER_NUMBER_OBJECT_CONVERSION = YES_AGGRESSIVE;
				CLANG_CXX_LANGUAGE_STANDARD = "gnu++0x";
				CLANG_CXX_LIBRARY = "libc++";
				CLANG_ENABLE_MODULES = YES;
				CLANG_ENABLE_OBJC_ARC = YES;
				CLANG_WARN_BOOL_CONVERSION = YES;
				CLANG_WARN_CONSTANT_CONVERSION = YES;
				CLANG_WARN_DIRECT_OBJC_ISA_USAGE = YES_ERROR;
				CLANG_WARN_DOCUMENTATION_COMMENTS = YES;
				CLANG_WARN_EMPTY_BODY = YES;
				CLANG_WARN_ENUM_CONVERSION = YES;
				CLANG_WARN_INFINITE_RECURSION = YES;
				CLANG_WARN_INT_CONVERSION = YES;
				CLANG_WARN_OBJC_ROOT_CLASS = YES_ERROR;
				CLANG_WARN_SUSPICIOUS_MOVE = YES;
				CLANG_WARN_UNREACHABLE_CODE = YES;
				CLANG_WARN__DUPLICATE_METHOD_MATCH = YES;
				"CODE_SIGN_IDENTITY[sdk=iphoneos*]" = "iPhone Developer";
				COPY_PHASE_STRIP = NO;
				DEBUG_INFORMATION_FORMAT = "dwarf-with-dsym";
				ENABLE_NS_ASSERTIONS = NO;
				ENABLE_STRICT_OBJC_MSGSEND = YES;
				GCC_C_LANGUAGE_STANDARD = gnu99;
				GCC_NO_COMMON_BLOCKS = YES;
				GCC_WARN_64_TO_32_BIT_CONVERSION = YES;
				GCC_WARN_ABOUT_RETURN_TYPE = YES_ERROR;
				GCC_WARN_UNDECLARED_SELECTOR = YES;
				GCC_WARN_UNINITIALIZED_AUTOS = YES_AGGRESSIVE;
				GCC_WARN_UNUSED_FUNCTION = YES;
				GCC_WARN_UNUSED_VARIABLE = YES;
				IPHONEOS_DEPLOYMENT_TARGET = 10.3;
				MTL_ENABLE_DEBUG_INFO = NO;
				SDKROOT = iphoneos;
				TARGETED_DEVICE_FAMILY = "1,2";
				VALIDATE_PRODUCT = YES;
			};
			name = Release;
		};
		C0951A671F0A707B004A9F4C /* Debug */ = {
			isa = XCBuildConfiguration;
			buildSettings = {
				ASSETCATALOG_COMPILER_APPICON_NAME = AppIcon;
				INFOPLIST_FILE = Gdrivetest/Info.plist;
				LD_RUNPATH_SEARCH_PATHS = "$(inherited) @executable_path/Frameworks";
				PRODUCT_BUNDLE_IDENTIFIER = horizonstack.Gdrivetest;
				PRODUCT_NAME = "$(TARGET_NAME)";
			};
			name = Debug;
		};
		C0951A681F0A707B004A9F4C /* Release */ = {
			isa = XCBuildConfiguration;
			buildSettings = {
				ASSETCATALOG_COMPILER_APPICON_NAME = AppIcon;
				INFOPLIST_FILE = Gdrivetest/Info.plist;
				LD_RUNPATH_SEARCH_PATHS = "$(inherited) @executable_path/Frameworks";
				PRODUCT_BUNDLE_IDENTIFIER = horizonstack.Gdrivetest;
				PRODUCT_NAME = "$(TARGET_NAME)";
			};
			name = Release;
		};
/* End XCBuildConfiguration section */

/* Begin XCConfigurationList section */
		C0951A4A1F0A707B004A9F4C /* Build configuration list for PBXProject "Gdrivetest" */ = {
			isa = XCConfigurationList;
			buildConfigurations = (
				C0951A641F0A707B004A9F4C /* Debug */,
				C0951A651F0A707B004A9F4C /* Release */,
			);
			defaultConfigurationIsVisible = 0;
			defaultConfigurationName = Release;
		};
		C0951A661F0A707B004A9F4C /* Build configuration list for PBXNativeTarget "Gdrivetest" */ = {
			isa = XCConfigurationList;
			buildConfigurations = (
				C0951A671F0A707B004A9F4C /* Debug */,
				C0951A681F0A707B004A9F4C /* Release */,
			);
			defaultConfigurationIsVisible = 0;
		};
/* End XCConfigurationList section */
	};
	rootObject = C0951A471F0A707B004A9F4C /* Project object */;
}
